schema: '2.0'
stages:
  initialize_LoadDataFile:
    cmd: zntrack run mlipx.nodes.io.LoadDataFile --name initialize_LoadDataFile
    deps:
    - path: mptraj_slice.xyz
      hash: md5
      md5: b3460d3c175f14b38400484327981498
      size: 424666
    params:
      params.yaml:
        initialize_LoadDataFile:
          start: 0
          step: 1
          stop:
    outs:
    - path: nodes/initialize/LoadDataFile/node-meta.json
      hash: md5
      md5: d1a8e0cce381b0072b7d52d4a92ad526
      size: 64
  reference_EvaluateCalculatorResults:
    cmd: zntrack run mlipx.nodes.evaluate_calculator.EvaluateCalculatorResults --name
      reference_EvaluateCalculatorResults
    deps:
    - path: nodes/initialize/LoadDataFile/node-meta.json
      hash: md5
      md5: d1a8e0cce381b0072b7d52d4a92ad526
      size: 64
    outs:
    - path: nodes/reference/EvaluateCalculatorResults/node-meta.json
      hash: md5
      md5: cd7f68a5cabe769a75df4fc0789a97bf
      size: 64
    - path: nodes/reference/EvaluateCalculatorResults/plots.csv
      hash: md5
      md5: 3e226d01e537f218bbfd1115fad93fca
      size: 7315
  mace-mp_ApplyCalculator:
    cmd: zntrack run mlipx.nodes.apply_calculator.ApplyCalculator --name mace-mp_ApplyCalculator
    deps:
    - path: nodes/initialize/LoadDataFile/node-meta.json
      hash: md5
      md5: d1a8e0cce381b0072b7d52d4a92ad526
      size: 64
    params:
      params.yaml:
        mace-mp_ApplyCalculator:
          model:
            _cls: mlipx.nodes.generic_ase.GenericASECalculator
            class_name: mace_mp
            device: auto
            kwargs:
              model: medium
            module: mace.calculators
    outs:
    - path: nodes/mace-mp/ApplyCalculator/frames.h5
      hash: md5
      md5: 66ecc5bf4281de715481fbc448c0b071
      size: 235265
    - path: nodes/mace-mp/ApplyCalculator/node-meta.json
      hash: md5
      md5: ba7ce9e67e47a8c5885f9006f66e20e9
      size: 64
  mace-mp_EvaluateCalculatorResults:
    cmd: zntrack run mlipx.nodes.evaluate_calculator.EvaluateCalculatorResults --name
      mace-mp_EvaluateCalculatorResults
    deps:
    - path: nodes/mace-mp/ApplyCalculator/frames.h5
      hash: md5
      md5: 66ecc5bf4281de715481fbc448c0b071
      size: 235265
    outs:
    - path: nodes/mace-mp/EvaluateCalculatorResults/node-meta.json
      hash: md5
      md5: ee2f9a4577cffe58b46f0e3ca0d03efc
      size: 64
    - path: nodes/mace-mp/EvaluateCalculatorResults/plots.csv
      hash: md5
      md5: fd7cde18ee8fc09214ad7a3567afe83d
      size: 8363
  mace-mp_CompareCalculatorResults:
    cmd: zntrack run mlipx.nodes.compare_calculator.CompareCalculatorResults --name
      mace-mp_CompareCalculatorResults
    deps:
    - path: nodes/mace-mp/EvaluateCalculatorResults/node-meta.json
      hash: md5
      md5: ee2f9a4577cffe58b46f0e3ca0d03efc
      size: 64
    - path: nodes/mace-mp/EvaluateCalculatorResults/plots.csv
      hash: md5
      md5: fd7cde18ee8fc09214ad7a3567afe83d
      size: 8363
    - path: nodes/reference/EvaluateCalculatorResults/node-meta.json
      hash: md5
      md5: cd7f68a5cabe769a75df4fc0789a97bf
      size: 64
    - path: nodes/reference/EvaluateCalculatorResults/plots.csv
      hash: md5
      md5: 3e226d01e537f218bbfd1115fad93fca
      size: 7315
    outs:
    - path: nodes/mace-mp/CompareCalculatorResults/error.json
      hash: md5
      md5: 04d47d664287c29b716d0b9de3ab3f24
      size: 322
    - path: nodes/mace-mp/CompareCalculatorResults/node-meta.json
      hash: md5
      md5: 5361ae4fde7be146854704824f00491e
      size: 64
    - path: nodes/mace-mp/CompareCalculatorResults/plots.csv
      hash: md5
      md5: edb3de02940027866ac108e85a46fcaf
      size: 10477
    - path: nodes/mace-mp/CompareCalculatorResults/rmse.json
      hash: md5
      md5: b5eaf9f881e2205e58ab074c56f7ebfc
      size: 129
  mace-mp_metrics_ApplyCalculator:
    cmd: zntrack run mlipx.nodes.apply_calculator.ApplyCalculator --name mace-mp_metrics_ApplyCalculator
    deps:
    - path: nodes/initialize/LoadDataFile/node-meta.json
      hash: md5
      md5: d1a8e0cce381b0072b7d52d4a92ad526
      size: 64
    params:
      params.yaml:
        mace-mp_metrics_ApplyCalculator:
          model:
            _cls: mlipx.nodes.generic_ase.GenericASECalculator
            class_name: mace_mp
            device: auto
            kwargs:
              model: medium
            module: mace.calculators
    outs:
    - path: nodes/mace-mp/metrics/ApplyCalculator/frames.h5
      hash: md5
      md5: c8139bac54a74eb6d1fafac5a6c96b13
      size: 235267
    - path: nodes/mace-mp/metrics/ApplyCalculator/node-meta.json
      hash: md5
      md5: 375b868be2246d7a36afd73472e7a694
      size: 64
  mace-mp_EV_EnergyVolumeCurve_1:
    cmd: zntrack run mlipx.nodes.energy_volume.EnergyVolumeCurve --name mace-mp_EV_EnergyVolumeCurve_1
    deps:
    - path: nodes/initialize/LoadDataFile/node-meta.json
      hash: md5
      md5: d1a8e0cce381b0072b7d52d4a92ad526
      size: 64
    params:
      params.yaml:
        mace-mp_EV_EnergyVolumeCurve_1:
          data_id: 2
          model:
            _cls: mlipx.nodes.generic_ase.GenericASECalculator
            class_name: mace_mp
            device: auto
            kwargs:
              model: medium
            module: mace.calculators
          n_points: 50
          start: 0.75
          stop: 2.0
    outs:
    - path: nodes/mace-mp/EV/EnergyVolumeCurve_1/frames.xyz
      hash: md5
      md5: 3763d30f1af2bf694e6aca10d9598aa3
      size: 116539
    - path: nodes/mace-mp/EV/EnergyVolumeCurve_1/node-meta.json
      hash: md5
      md5: 18d2e7679abd1a2ec337ebd437693109
      size: 64
    - path: nodes/mace-mp/EV/EnergyVolumeCurve_1/results.csv
      hash: md5
      md5: 5953afdd417873d8b8bebaa578cf25ba
      size: 3488
  mace-mp_metrics_EvaluateCalculatorResults:
    cmd: zntrack run mlipx.nodes.evaluate_calculator.EvaluateCalculatorResults --name
      mace-mp_metrics_EvaluateCalculatorResults
    deps:
    - path: nodes/mace-mp/metrics/ApplyCalculator/frames.h5
      hash: md5
      md5: c8139bac54a74eb6d1fafac5a6c96b13
      size: 235267
    outs:
    - path: nodes/mace-mp/metrics/EvaluateCalculatorResults/node-meta.json
      hash: md5
      md5: e7d3abaeb94819360544ef8e23151df8
      size: 64
    - path: nodes/mace-mp/metrics/EvaluateCalculatorResults/plots.csv
      hash: md5
      md5: fd7cde18ee8fc09214ad7a3567afe83d
      size: 8363
  mace-mp_metrics_CompareCalculatorResults:
    cmd: zntrack run mlipx.nodes.compare_calculator.CompareCalculatorResults --name
      mace-mp_metrics_CompareCalculatorResults
    deps:
    - path: nodes/mace-mp/metrics/EvaluateCalculatorResults/node-meta.json
      hash: md5
      md5: e7d3abaeb94819360544ef8e23151df8
      size: 64
    - path: nodes/mace-mp/metrics/EvaluateCalculatorResults/plots.csv
      hash: md5
      md5: fd7cde18ee8fc09214ad7a3567afe83d
      size: 8363
    - path: nodes/reference/EvaluateCalculatorResults/node-meta.json
      hash: md5
      md5: cd7f68a5cabe769a75df4fc0789a97bf
      size: 64
    - path: nodes/reference/EvaluateCalculatorResults/plots.csv
      hash: md5
      md5: 3e226d01e537f218bbfd1115fad93fca
      size: 7315
    outs:
    - path: nodes/mace-mp/metrics/CompareCalculatorResults/error.json
      hash: md5
      md5: 04d47d664287c29b716d0b9de3ab3f24
      size: 322
    - path: nodes/mace-mp/metrics/CompareCalculatorResults/node-meta.json
      hash: md5
      md5: ae46bd61a7c09474f4004475307ed59c
      size: 64
    - path: nodes/mace-mp/metrics/CompareCalculatorResults/plots.csv
      hash: md5
      md5: edb3de02940027866ac108e85a46fcaf
      size: 10477
    - path: nodes/mace-mp/metrics/CompareCalculatorResults/rmse.json
      hash: md5
      md5: b5eaf9f881e2205e58ab074c56f7ebfc
      size: 129
  mace-mp_EV_EnergyVolumeCurve_2:
    cmd: zntrack run mlipx.nodes.energy_volume.EnergyVolumeCurve --name mace-mp_EV_EnergyVolumeCurve_2
    deps:
    - path: nodes/initialize/LoadDataFile/node-meta.json
      hash: md5
      md5: d1a8e0cce381b0072b7d52d4a92ad526
      size: 64
    params:
      params.yaml:
        mace-mp_EV_EnergyVolumeCurve_2:
          data_id: 3
          model:
            _cls: mlipx.nodes.generic_ase.GenericASECalculator
            class_name: mace_mp
            device: auto
            kwargs:
              model: medium
            module: mace.calculators
          n_points: 50
          start: 0.75
          stop: 2.0
    outs:
    - path: nodes/mace-mp/EV/EnergyVolumeCurve_2/frames.xyz
      hash: md5
      md5: 070d24b91b55c731c7739dcfceb67e75
      size: 138881
    - path: nodes/mace-mp/EV/EnergyVolumeCurve_2/node-meta.json
      hash: md5
      md5: 1fe3d33d5f83c5f88bbbb920b59186e7
      size: 64
    - path: nodes/mace-mp/EV/EnergyVolumeCurve_2/results.csv
      hash: md5
      md5: 7aa082e42eebcdaf8892e2627a7e8d55
      size: 3441
  mace-mp_EV_EnergyVolumeCurve:
    cmd: zntrack run mlipx.nodes.energy_volume.EnergyVolumeCurve --name mace-mp_EV_EnergyVolumeCurve
    deps:
    - path: nodes/initialize/LoadDataFile/node-meta.json
      hash: md5
      md5: d1a8e0cce381b0072b7d52d4a92ad526
      size: 64
    params:
      params.yaml:
        mace-mp_EV_EnergyVolumeCurve:
          data_id: 1
          model:
            _cls: mlipx.nodes.generic_ase.GenericASECalculator
            class_name: mace_mp
            device: auto
            kwargs:
              model: medium
            module: mace.calculators
          n_points: 50
          start: 0.75
          stop: 2.0
    outs:
    - path: nodes/mace-mp/EV/EnergyVolumeCurve/frames.xyz
      hash: md5
      md5: 8f41ec37b97ef9b033f50182e61831c8
      size: 131603
    - path: nodes/mace-mp/EV/EnergyVolumeCurve/node-meta.json
      hash: md5
      md5: d239e4a09462203174716e8eaa422949
      size: 64
    - path: nodes/mace-mp/EV/EnergyVolumeCurve/results.csv
      hash: md5
      md5: 1d3e7c6897130d5f7dc9602fd97f0edf
      size: 3472
  Rattle:
    cmd: zntrack run mlipx.nodes.rattle.Rattle --name Rattle
    deps:
    - path: nodes/initialize/LoadDataFile/node-meta.json
      hash: md5
      md5: d1a8e0cce381b0072b7d52d4a92ad526
      size: 64
    params:
      params.yaml:
        Rattle:
          seed: 42
          stdev: 0.1
    outs:
    - path: nodes/Rattle/frames.xyz
      hash: md5
      md5: 6dac5b53c5f72b026d0e6fa92a3cd1f7
      size: 424666
    - path: nodes/Rattle/node-meta.json
      hash: md5
      md5: 523863a769b0f36f0dc99ec14c3353f6
      size: 64
  mace-mp_geomopt_StructureOptimization_2:
    cmd: zntrack run mlipx.nodes.structure_optimization.StructureOptimization --name
      mace-mp_geomopt_StructureOptimization_2
    deps:
    - path: nodes/Rattle/frames.xyz
      hash: md5
      md5: 6dac5b53c5f72b026d0e6fa92a3cd1f7
      size: 424666
    params:
      params.yaml:
        mace-mp_geomopt_StructureOptimization_2:
          data_id: 3
          fmax: 0.1
          model:
            _cls: mlipx.nodes.generic_ase.GenericASECalculator
            class_name: mace_mp
            device: auto
            kwargs:
              model: medium
            module: mace.calculators
          optimizer: LBFGS
          steps: 100000000
    outs:
    - path: nodes/mace-mp/geomopt/StructureOptimization_2/frames.traj
      hash: md5
      md5: 0c1f8f213a7f8e61dc702474801943d8
      size: 23352
    - path: nodes/mace-mp/geomopt/StructureOptimization_2/node-meta.json
      hash: md5
      md5: c7a9d70340a1df9a7d535a00c9c3d509
      size: 64
    - path: nodes/mace-mp/geomopt/StructureOptimization_2/plots.csv
      hash: md5
      md5: 4c14d9f58c55c6622e19d2e279b0272e
      size: 496
  mace-mp_geomopt_StructureOptimization:
    cmd: zntrack run mlipx.nodes.structure_optimization.StructureOptimization --name
      mace-mp_geomopt_StructureOptimization
    deps:
    - path: nodes/Rattle/frames.xyz
      hash: md5
      md5: 6dac5b53c5f72b026d0e6fa92a3cd1f7
      size: 424666
    params:
      params.yaml:
        mace-mp_geomopt_StructureOptimization:
          data_id: 1
          fmax: 0.1
          model:
            _cls: mlipx.nodes.generic_ase.GenericASECalculator
            class_name: mace_mp
            device: auto
            kwargs:
              model: medium
            module: mace.calculators
          optimizer: LBFGS
          steps: 100000000
    outs:
    - path: nodes/mace-mp/geomopt/StructureOptimization/frames.traj
      hash: md5
      md5: d61e5e862da67fc9adcf9b3b1ab92df0
      size: 24368
    - path: nodes/mace-mp/geomopt/StructureOptimization/node-meta.json
      hash: md5
      md5: 1c46c172e8a9e15268976333b3e44119
      size: 64
    - path: nodes/mace-mp/geomopt/StructureOptimization/plots.csv
      hash: md5
      md5: 7bf701bee9c4c99fcb53f85aee0fe123
      size: 542
  mace-mp_geomopt_StructureOptimization_1:
    cmd: zntrack run mlipx.nodes.structure_optimization.StructureOptimization --name
      mace-mp_geomopt_StructureOptimization_1
    deps:
    - path: nodes/Rattle/frames.xyz
      hash: md5
      md5: 6dac5b53c5f72b026d0e6fa92a3cd1f7
      size: 424666
    params:
      params.yaml:
        mace-mp_geomopt_StructureOptimization_1:
          data_id: 2
          fmax: 0.1
          model:
            _cls: mlipx.nodes.generic_ase.GenericASECalculator
            class_name: mace_mp
            device: auto
            kwargs:
              model: medium
            module: mace.calculators
          optimizer: LBFGS
          steps: 100000000
    outs:
    - path: nodes/mace-mp/geomopt/StructureOptimization_1/frames.traj
      hash: md5
      md5: 296a63a11897364d8e7e025f95e389d6
      size: 15589
    - path: nodes/mace-mp/geomopt/StructureOptimization_1/node-meta.json
      hash: md5
      md5: c5e82ea401b8123ddf030185e4f9c1dd
      size: 64
    - path: nodes/mace-mp/geomopt/StructureOptimization_1/plots.csv
      hash: md5
      md5: 7c957b64c6b68cf8159aaad68a311586
      size: 365
  mace-mp_diatomics_HomonuclearDiatomics:
    cmd: zntrack run mlipx.nodes.diatomics.HomonuclearDiatomics --name mace-mp_diatomics_HomonuclearDiatomics
    params:
      params.yaml:
        mace-mp_diatomics_HomonuclearDiatomics:
          elements:
          - C
          - O
          - N
          eq_distance: covalent-radiuis
          max_distance: 2.0
          min_distance: 0.5
          model:
            _cls: mlipx.nodes.generic_ase.GenericASECalculator
            class_name: mace_mp
            device: auto
            kwargs:
              model: medium
            module: mace.calculators
          n_points: 100
    outs:
    - path: nodes/mace-mp/diatomics/HomonuclearDiatomics/frames.json
      hash: md5
      md5: 272c9d33465642e800d61a8f7894d598
      size: 644700
    - path: nodes/mace-mp/diatomics/HomonuclearDiatomics/node-meta.json
      hash: md5
      md5: 01a857a1ab1e2f0ebf1b77421f627dc6
      size: 64
    - path: nodes/mace-mp/diatomics/HomonuclearDiatomics/results.csv
      hash: md5
      md5: 4c56dbdfc259a7742159c2697123bce3
      size: 10734
